// !$*UTF8*$!
{
	archiveVersion = 1;
	classes = {
	};
	objectVersion = 50;
	objects = {

/* Begin PBXBuildFile section */
		0D22146D221CF7090054D154 /* MovieDetailsViewController.swift in Sources */ = {isa = PBXBuildFile; fileRef = 0D22146C221CF7090054D154 /* MovieDetailsViewController.swift */; };
		0D22146F221CFD900054D154 /* MovieGridViewController.swift in Sources */ = {isa = PBXBuildFile; fileRef = 0D22146E221CFD900054D154 /* MovieGridViewController.swift */; };
		0D221471221D009A0054D154 /* MovieGridCollectionViewCell.swift in Sources */ = {isa = PBXBuildFile; fileRef = 0D221470221D009A0054D154 /* MovieGridCollectionViewCell.swift */; };
		0D46426B2213C30000A38511 /* AppDelegate.swift in Sources */ = {isa = PBXBuildFile; fileRef = 0D46426A2213C30000A38511 /* AppDelegate.swift */; };
		0D4642702213C30000A38511 /* Main.storyboard in Resources */ = {isa = PBXBuildFile; fileRef = 0D46426E2213C30000A38511 /* Main.storyboard */; };
		0D4642722213C30100A38511 /* Assets.xcassets in Resources */ = {isa = PBXBuildFile; fileRef = 0D4642712213C30100A38511 /* Assets.xcassets */; };
		0D4642752213C30100A38511 /* LaunchScreen.storyboard in Resources */ = {isa = PBXBuildFile; fileRef = 0D4642732213C30100A38511 /* LaunchScreen.storyboard */; };
		0D4642802213C30100A38511 /* JuanFlixTests.swift in Sources */ = {isa = PBXBuildFile; fileRef = 0D46427F2213C30100A38511 /* JuanFlixTests.swift */; };
		0D46428B2213C30100A38511 /* JuanFlixUITests.swift in Sources */ = {isa = PBXBuildFile; fileRef = 0D46428A2213C30100A38511 /* JuanFlixUITests.swift */; };
		0D4642992213C41C00A38511 /* MoviesViewController.swift in Sources */ = {isa = PBXBuildFile; fileRef = 0D4642982213C41C00A38511 /* MoviesViewController.swift */; };
		0D46429D2213D11D00A38511 /* MovieTableViewCell.swift in Sources */ = {isa = PBXBuildFile; fileRef = 0D46429C2213D11D00A38511 /* MovieTableViewCell.swift */; };
		10B7AEAD5C79C6AE9F2EDDF9 /* Pods_JuanFlix.framework in Frameworks */ = {isa = PBXBuildFile; fileRef = BE701C68B192DF2148433650 /* Pods_JuanFlix.framework */; };
		4A3F60C5B3AFB3EF3B66A748 /* Pods_JuanFlixTests.framework in Frameworks */ = {isa = PBXBuildFile; fileRef = D4E16E3EDB2DCBF7B764FC1A /* Pods_JuanFlixTests.framework */; };
		E0FF3FA8903553ED2CC92481 /* Pods_JuanFlixUITests.framework in Frameworks */ = {isa = PBXBuildFile; fileRef = BE376715EDD374F699ECCA04 /* Pods_JuanFlixUITests.framework */; };
/* End PBXBuildFile section */

/* Begin PBXContainerItemProxy section */
		0D46427C2213C30100A38511 /* PBXContainerItemProxy */ = {
			isa = PBXContainerItemProxy;
			containerPortal = 0D46425F2213C30000A38511 /* Project object */;
			proxyType = 1;
			remoteGlobalIDString = 0D4642662213C30000A38511;
			remoteInfo = JuanFlix;
		};
		0D4642872213C30100A38511 /* PBXContainerItemProxy */ = {
			isa = PBXContainerItemProxy;
			containerPortal = 0D46425F2213C30000A38511 /* Project object */;
			proxyType = 1;
			remoteGlobalIDString = 0D4642662213C30000A38511;
			remoteInfo = JuanFlix;
		};
/* End PBXContainerItemProxy section */

/* Begin PBXFileReference section */
		0D22146C221CF7090054D154 /* MovieDetailsViewController.swift */ = {isa = PBXFileReference; lastKnownFileType = sourcecode.swift; path = MovieDetailsViewController.swift; sourceTree = "<group>"; };
		0D22146E221CFD900054D154 /* MovieGridViewController.swift */ = {isa = PBXFileReference; lastKnownFileType = sourcecode.swift; path = MovieGridViewController.swift; sourceTree = "<group>"; };
		0D221470221D009A0054D154 /* MovieGridCollectionViewCell.swift */ = {isa = PBXFileReference; lastKnownFileType = sourcecode.swift; path = MovieGridCollectionViewCell.swift; sourceTree = "<group>"; };
		0D4642672213C30000A38511 /* JuanFlix.app */ = {isa = PBXFileReference; explicitFileType = wrapper.application; includeInIndex = 0; path = JuanFlix.app; sourceTree = BUILT_PRODUCTS_DIR; };
		0D46426A2213C30000A38511 /* AppDelegate.swift */ = {isa = PBXFileReference; lastKnownFileType = sourcecode.swift; path = AppDelegate.swift; sourceTree = "<group>"; };
		0D46426F2213C30000A38511 /* Base */ = {isa = PBXFileReference; lastKnownFileType = file.storyboard; name = Base; path = Base.lproj/Main.storyboard; sourceTree = "<group>"; };
		0D4642712213C30100A38511 /* Assets.xcassets */ = {isa = PBXFileReference; lastKnownFileType = folder.assetcatalog; path = Assets.xcassets; sourceTree = "<group>"; };
		0D4642742213C30100A38511 /* Base */ = {isa = PBXFileReference; lastKnownFileType = file.storyboard; name = Base; path = Base.lproj/LaunchScreen.storyboard; sourceTree = "<group>"; };
		0D4642762213C30100A38511 /* Info.plist */ = {isa = PBXFileReference; lastKnownFileType = text.plist.xml; path = Info.plist; sourceTree = "<group>"; };
		0D46427B2213C30100A38511 /* JuanFlixTests.xctest */ = {isa = PBXFileReference; explicitFileType = wrapper.cfbundle; includeInIndex = 0; path = JuanFlixTests.xctest; sourceTree = BUILT_PRODUCTS_DIR; };
		0D46427F2213C30100A38511 /* JuanFlixTests.swift */ = {isa = PBXFileReference; lastKnownFileType = sourcecode.swift; path = JuanFlixTests.swift; sourceTree = "<group>"; };
		0D4642812213C30100A38511 /* Info.plist */ = {isa = PBXFileReference; lastKnownFileType = text.plist.xml; path = Info.plist; sourceTree = "<group>"; };
		0D4642862213C30100A38511 /* JuanFlixUITests.xctest */ = {isa = PBXFileReference; explicitFileType = wrapper.cfbundle; includeInIndex = 0; path = JuanFlixUITests.xctest; sourceTree = BUILT_PRODUCTS_DIR; };
		0D46428A2213C30100A38511 /* JuanFlixUITests.swift */ = {isa = PBXFileReference; lastKnownFileType = sourcecode.swift; path = JuanFlixUITests.swift; sourceTree = "<group>"; };
		0D46428C2213C30100A38511 /* Info.plist */ = {isa = PBXFileReference; lastKnownFileType = text.plist.xml; path = Info.plist; sourceTree = "<group>"; };
		0D4642982213C41C00A38511 /* MoviesViewController.swift */ = {isa = PBXFileReference; lastKnownFileType = sourcecode.swift; path = MoviesViewController.swift; sourceTree = "<group>"; };
		0D46429C2213D11D00A38511 /* MovieTableViewCell.swift */ = {isa = PBXFileReference; lastKnownFileType = sourcecode.swift; path = MovieTableViewCell.swift; sourceTree = "<group>"; };
		34399F59A1DA89443EADAECB /* Pods-JuanFlixUITests.debug.xcconfig */ = {isa = PBXFileReference; includeInIndex = 1; lastKnownFileType = text.xcconfig; name = "Pods-JuanFlixUITests.debug.xcconfig"; path = "Target Support Files/Pods-JuanFlixUITests/Pods-JuanFlixUITests.debug.xcconfig"; sourceTree = "<group>"; };
		6DF4700C4B374D6D7A4036C5 /* Pods-JuanFlix.debug.xcconfig */ = {isa = PBXFileReference; includeInIndex = 1; lastKnownFileType = text.xcconfig; name = "Pods-JuanFlix.debug.xcconfig"; path = "Target Support Files/Pods-JuanFlix/Pods-JuanFlix.debug.xcconfig"; sourceTree = "<group>"; };
		9D0E6A2AFAA01B01E78FA718 /* Pods-JuanFlix.release.xcconfig */ = {isa = PBXFileReference; includeInIndex = 1; lastKnownFileType = text.xcconfig; name = "Pods-JuanFlix.release.xcconfig"; path = "Target Support Files/Pods-JuanFlix/Pods-JuanFlix.release.xcconfig"; sourceTree = "<group>"; };
		BE376715EDD374F699ECCA04 /* Pods_JuanFlixUITests.framework */ = {isa = PBXFileReference; explicitFileType = wrapper.framework; includeInIndex = 0; path = Pods_JuanFlixUITests.framework; sourceTree = BUILT_PRODUCTS_DIR; };
		BE701C68B192DF2148433650 /* Pods_JuanFlix.framework */ = {isa = PBXFileReference; explicitFileType = wrapper.framework; includeInIndex = 0; path = Pods_JuanFlix.framework; sourceTree = BUILT_PRODUCTS_DIR; };
		D4E16E3EDB2DCBF7B764FC1A /* Pods_JuanFlixTests.framework */ = {isa = PBXFileReference; explicitFileType = wrapper.framework; includeInIndex = 0; path = Pods_JuanFlixTests.framework; sourceTree = BUILT_PRODUCTS_DIR; };
		E86503D9DCCF7E9D56E66417 /* Pods-JuanFlixTests.release.xcconfig */ = {isa = PBXFileReference; includeInIndex = 1; lastKnownFileType = text.xcconfig; name = "Pods-JuanFlixTests.release.xcconfig"; path = "Target Support Files/Pods-JuanFlixTests/Pods-JuanFlixTests.release.xcconfig"; sourceTree = "<group>"; };
		EE92BCF805D38B105F40E1D3 /* Pods-JuanFlixUITests.release.xcconfig */ = {isa = PBXFileReference; includeInIndex = 1; lastKnownFileType = text.xcconfig; name = "Pods-JuanFlixUITests.release.xcconfig"; path = "Target Support Files/Pods-JuanFlixUITests/Pods-JuanFlixUITests.release.xcconfig"; sourceTree = "<group>"; };
		F85926C11BF23EA7C14AA36A /* Pods-JuanFlixTests.debug.xcconfig */ = {isa = PBXFileReference; includeInIndex = 1; lastKnownFileType = text.xcconfig; name = "Pods-JuanFlixTests.debug.xcconfig"; path = "Target Support Files/Pods-JuanFlixTests/Pods-JuanFlixTests.debug.xcconfig"; sourceTree = "<group>"; };
/* End PBXFileReference section */

/* Begin PBXFrameworksBuildPhase section */
		0D4642642213C30000A38511 /* Frameworks */ = {
			isa = PBXFrameworksBuildPhase;
			buildActionMask = 2147483647;
			files = (
				10B7AEAD5C79C6AE9F2EDDF9 /* Pods_JuanFlix.framework in Frameworks */,
			);
			runOnlyForDeploymentPostprocessing = 0;
		};
		0D4642782213C30100A38511 /* Frameworks */ = {
			isa = PBXFrameworksBuildPhase;
			buildActionMask = 2147483647;
			files = (
				4A3F60C5B3AFB3EF3B66A748 /* Pods_JuanFlixTests.framework in Frameworks */,
			);
			runOnlyForDeploymentPostprocessing = 0;
		};
		0D4642832213C30100A38511 /* Frameworks */ = {
			isa = PBXFrameworksBuildPhase;
			buildActionMask = 2147483647;
			files = (
				E0FF3FA8903553ED2CC92481 /* Pods_JuanFlixUITests.framework in Frameworks */,
			);
			runOnlyForDeploymentPostprocessing = 0;
		};
/* End PBXFrameworksBuildPhase section */

/* Begin PBXGroup section */
		0D46425E2213C30000A38511 = {
			isa = PBXGroup;
			children = (
				0D4642692213C30000A38511 /* JuanFlix */,
				0D46427E2213C30100A38511 /* JuanFlixTests */,
				0D4642892213C30100A38511 /* JuanFlixUITests */,
				0D4642682213C30000A38511 /* Products */,
				F1203AD124E51152CABC3C1F /* Pods */,
				556C68B43F1FB153391806F7 /* Frameworks */,
			);
			sourceTree = "<group>";
		};
		0D4642682213C30000A38511 /* Products */ = {
			isa = PBXGroup;
			children = (
				0D4642672213C30000A38511 /* JuanFlix.app */,
				0D46427B2213C30100A38511 /* JuanFlixTests.xctest */,
				0D4642862213C30100A38511 /* JuanFlixUITests.xctest */,
			);
			name = Products;
			sourceTree = "<group>";
		};
		0D4642692213C30000A38511 /* JuanFlix */ = {
			isa = PBXGroup;
			children = (
				0D46426A2213C30000A38511 /* AppDelegate.swift */,
				0D4642982213C41C00A38511 /* MoviesViewController.swift */,
				0D22146C221CF7090054D154 /* MovieDetailsViewController.swift */,
				0D22146E221CFD900054D154 /* MovieGridViewController.swift */,
				0D46426E2213C30000A38511 /* Main.storyboard */,
				0D4642712213C30100A38511 /* Assets.xcassets */,
				0D4642732213C30100A38511 /* LaunchScreen.storyboard */,
				0D4642762213C30100A38511 /* Info.plist */,
				0D46429C2213D11D00A38511 /* MovieTableViewCell.swift */,
				0D221470221D009A0054D154 /* MovieGridCollectionViewCell.swift */,
			);
			path = JuanFlix;
			sourceTree = "<group>";
		};
		0D46427E2213C30100A38511 /* JuanFlixTests */ = {
			isa = PBXGroup;
			children = (
				0D46427F2213C30100A38511 /* JuanFlixTests.swift */,
				0D4642812213C30100A38511 /* Info.plist */,
			);
			path = JuanFlixTests;
			sourceTree = "<group>";
		};
		0D4642892213C30100A38511 /* JuanFlixUITests */ = {
			isa = PBXGroup;
			children = (
				0D46428A2213C30100A38511 /* JuanFlixUITests.swift */,
				0D46428C2213C30100A38511 /* Info.plist */,
			);
			path = JuanFlixUITests;
			sourceTree = "<group>";
		};
		556C68B43F1FB153391806F7 /* Frameworks */ = {
			isa = PBXGroup;
			children = (
				BE701C68B192DF2148433650 /* Pods_JuanFlix.framework */,
				D4E16E3EDB2DCBF7B764FC1A /* Pods_JuanFlixTests.framework */,
				BE376715EDD374F699ECCA04 /* Pods_JuanFlixUITests.framework */,
			);
			name = Frameworks;
			sourceTree = "<group>";
		};
		F1203AD124E51152CABC3C1F /* Pods */ = {
			isa = PBXGroup;
			children = (
				6DF4700C4B374D6D7A4036C5 /* Pods-JuanFlix.debug.xcconfig */,
				9D0E6A2AFAA01B01E78FA718 /* Pods-JuanFlix.release.xcconfig */,
				F85926C11BF23EA7C14AA36A /* Pods-JuanFlixTests.debug.xcconfig */,
				E86503D9DCCF7E9D56E66417 /* Pods-JuanFlixTests.release.xcconfig */,
				34399F59A1DA89443EADAECB /* Pods-JuanFlixUITests.debug.xcconfig */,
				EE92BCF805D38B105F40E1D3 /* Pods-JuanFlixUITests.release.xcconfig */,
			);
			path = Pods;
			sourceTree = "<group>";
		};
/* End PBXGroup section */

/* Begin PBXNativeTarget section */
		0D4642662213C30000A38511 /* JuanFlix */ = {
			isa = PBXNativeTarget;
			buildConfigurationList = 0D46428F2213C30100A38511 /* Build configuration list for PBXNativeTarget "JuanFlix" */;
			buildPhases = (
				F16A43DE236AB6C7AAA26359 /* [CP] Check Pods Manifest.lock */,
				0D4642632213C30000A38511 /* Sources */,
				0D4642642213C30000A38511 /* Frameworks */,
				0D4642652213C30000A38511 /* Resources */,
				AFF4E88664E5C81618C623B7 /* [CP] Embed Pods Frameworks */,
			);
			buildRules = (
			);
			dependencies = (
			);
			name = JuanFlix;
			productName = JuanFlix;
			productReference = 0D4642672213C30000A38511 /* JuanFlix.app */;
			productType = "com.apple.product-type.application";
		};
		0D46427A2213C30100A38511 /* JuanFlixTests */ = {
			isa = PBXNativeTarget;
			buildConfigurationList = 0D4642922213C30100A38511 /* Build configuration list for PBXNativeTarget "JuanFlixTests" */;
			buildPhases = (
				01FC506F7AC5902808B2153D /* [CP] Check Pods Manifest.lock */,
				0D4642772213C30100A38511 /* Sources */,
				0D4642782213C30100A38511 /* Frameworks */,
				0D4642792213C30100A38511 /* Resources */,
			);
			buildRules = (
			);
			dependencies = (
				0D46427D2213C30100A38511 /* PBXTargetDependency */,
			);
			name = JuanFlixTests;
			productName = JuanFlixTests;
			productReference = 0D46427B2213C30100A38511 /* JuanFlixTests.xctest */;
			productType = "com.apple.product-type.bundle.unit-test";
		};
		0D4642852213C30100A38511 /* JuanFlixUITests */ = {
			isa = PBXNativeTarget;
			buildConfigurationList = 0D4642952213C30100A38511 /* Build configuration list for PBXNativeTarget "JuanFlixUITests" */;
			buildPhases = (
				D860BE85CDBC7144869F7283 /* [CP] Check Pods Manifest.lock */,
				0D4642822213C30100A38511 /* Sources */,
				0D4642832213C30100A38511 /* Frameworks */,
				0D4642842213C30100A38511 /* Resources */,
			);
			buildRules = (
			);
			dependencies = (
				0D4642882213C30100A38511 /* PBXTargetDependency */,
			);
			name = JuanFlixUITests;
			productName = JuanFlixUITests;
			productReference = 0D4642862213C30100A38511 /* JuanFlixUITests.xctest */;
			productType = "com.apple.product-type.bundle.ui-testing";
		};
/* End PBXNativeTarget section */

/* Begin PBXProject section */
		0D46425F2213C30000A38511 /* Project object */ = {
			isa = PBXProject;
			attributes = {
				LastSwiftUpdateCheck = 1010;
				LastUpgradeCheck = 1010;
				ORGANIZATIONNAME = "Juan Dominguez";
				TargetAttributes = {
					0D4642662213C30000A38511 = {
						CreatedOnToolsVersion = 10.1;
					};
					0D46427A2213C30100A38511 = {
						CreatedOnToolsVersion = 10.1;
						TestTargetID = 0D4642662213C30000A38511;
					};
					0D4642852213C30100A38511 = {
						CreatedOnToolsVersion = 10.1;
						TestTargetID = 0D4642662213C30000A38511;
					};
				};
			};
			buildConfigurationList = 0D4642622213C30000A38511 /* Build configuration list for PBXProject "JuanFlix" */;
			compatibilityVersion = "Xcode 9.3";
			developmentRegion = en;
			hasScannedForEncodings = 0;
			knownRegions = (
				en,
				Base,
			);
			mainGroup = 0D46425E2213C30000A38511;
			productRefGroup = 0D4642682213C30000A38511 /* Products */;
			projectDirPath = "";
			projectRoot = "";
			targets = (
				0D4642662213C30000A38511 /* JuanFlix */,
				0D46427A2213C30100A38511 /* JuanFlixTests */,
				0D4642852213C30100A38511 /* JuanFlixUITests */,
			);
		};
/* End PBXProject section */

/* Begin PBXResourcesBuildPhase section */
		0D4642652213C30000A38511 /* Resources */ = {
			isa = PBXResourcesBuildPhase;
			buildActionMask = 2147483647;
			files = (
				0D4642752213C30100A38511 /* LaunchScreen.storyboard in Resources */,
				0D4642722213C30100A38511 /* Assets.xcassets in Resources */,
				0D4642702213C30000A38511 /* Main.storyboard in Resources */,
			);
			runOnlyForDeploymentPostprocessing = 0;
		};
		0D4642792213C30100A38511 /* Resources */ = {
			isa = PBXResourcesBuildPhase;
			buildActionMask = 2147483647;
			files = (
			);
			runOnlyForDeploymentPostprocessing = 0;
		};
		0D4642842213C30100A38511 /* Resources */ = {
			isa = PBXResourcesBuildPhase;
			buildActionMask = 2147483647;
			files = (
			);
			runOnlyForDeploymentPostprocessing = 0;
		};
/* End PBXResourcesBuildPhase section */

/* Begin PBXShellScriptBuildPhase section */
		01FC506F7AC5902808B2153D /* [CP] Check Pods Manifest.lock */ = {
			isa = PBXShellScriptBuildPhase;
			buildActionMask = 2147483647;
			files = (
			);
			inputFileListPaths = (
			);
			inputPaths = (
				"${PODS_PODFILE_DIR_PATH}/Podfile.lock",
				"${PODS_ROOT}/Manifest.lock",
			);
			name = "[CP] Check Pods Manifest.lock";
			outputFileListPaths = (
			);
			outputPaths = (
				"$(DERIVED_FILE_DIR)/Pods-JuanFlixTests-checkManifestLockResult.txt",
			);
			runOnlyForDeploymentPostprocessing = 0;
			shellPath = /bin/sh;
			shellScript = "diff \"${PODS_PODFILE_DIR_PATH}/Podfile.lock\" \"${PODS_ROOT}/Manifest.lock\" > /dev/null\nif [ $? != 0 ] ; then\n    # print error to STDERR\n    echo \"error: The sandbox is not in sync with the Podfile.lock. Run 'pod install' or update your CocoaPods installation.\" >&2\n    exit 1\nfi\n# This output is used by Xcode 'outputs' to avoid re-running this script phase.\necho \"SUCCESS\" > \"${SCRIPT_OUTPUT_FILE_0}\"\n";
			showEnvVarsInLog = 0;
		};
		AFF4E88664E5C81618C623B7 /* [CP] Embed Pods Frameworks */ = {
			isa = PBXShellScriptBuildPhase;
			buildActionMask = 2147483647;
			files = (
			);
			inputFileListPaths = (
			);
			inputPaths = (
				"${PODS_ROOT}/Target Support Files/Pods-JuanFlix/Pods-JuanFlix-frameworks.sh",
				"${BUILT_PRODUCTS_DIR}/Alamofire/Alamofire.framework",
				"${BUILT_PRODUCTS_DIR}/AlamofireImage/AlamofireImage.framework",
			);
			name = "[CP] Embed Pods Frameworks";
			outputFileListPaths = (
			);
			outputPaths = (
				"${TARGET_BUILD_DIR}/${FRAMEWORKS_FOLDER_PATH}/Alamofire.framework",
				"${TARGET_BUILD_DIR}/${FRAMEWORKS_FOLDER_PATH}/AlamofireImage.framework",
			);
			runOnlyForDeploymentPostprocessing = 0;
			shellPath = /bin/sh;
			shellScript = "\"${PODS_ROOT}/Target Support Files/Pods-JuanFlix/Pods-JuanFlix-frameworks.sh\"\n";
			showEnvVarsInLog = 0;
		};
		D860BE85CDBC7144869F7283 /* [CP] Check Pods Manifest.lock */ = {
			isa = PBXShellScriptBuildPhase;
			buildActionMask = 2147483647;
			files = (
			);
			inputFileListPaths = (
			);
			inputPaths = (
				"${PODS_PODFILE_DIR_PATH}/Podfile.lock",
				"${PODS_ROOT}/Manifest.lock",
			);
			name = "[CP] Check Pods Manifest.lock";
			outputFileListPaths = (
			);
			outputPaths = (
				"$(DERIVED_FILE_DIR)/Pods-JuanFlixUITests-checkManifestLockResult.txt",
			);
			runOnlyForDeploymentPostprocessing = 0;
			shellPath = /bin/sh;
			shellScript = "diff \"${PODS_PODFILE_DIR_PATH}/Podfile.lock\" \"${PODS_ROOT}/Manifest.lock\" > /dev/null\nif [ $? != 0 ] ; then\n    # print error to STDERR\n    echo \"error: The sandbox is not in sync with the Podfile.lock. Run 'pod install' or update your CocoaPods installation.\" >&2\n    exit 1\nfi\n# This output is used by Xcode 'outputs' to avoid re-running this script phase.\necho \"SUCCESS\" > \"${SCRIPT_OUTPUT_FILE_0}\"\n";
			showEnvVarsInLog = 0;
		};
		F16A43DE236AB6C7AAA26359 /* [CP] Check Pods Manifest.lock */ = {
			isa = PBXShellScriptBuildPhase;
			buildActionMask = 2147483647;
			files = (
			);
			inputFileListPaths = (
			);
			inputPaths = (
				"${PODS_PODFILE_DIR_PATH}/Podfile.lock",
				"${PODS_ROOT}/Manifest.lock",
			);
			name = "[CP] Check Pods Manifest.lock";
			outputFileListPaths = (
			);
			outputPaths = (
				"$(DERIVED_FILE_DIR)/Pods-JuanFlix-checkManifestLockResult.txt",
			);
			runOnlyForDeploymentPostprocessing = 0;
			shellPath = /bin/sh;
			shellScript = "diff \"${PODS_PODFILE_DIR_PATH}/Podfile.lock\" \"${PODS_ROOT}/Manifest.lock\" > /dev/null\nif [ $? != 0 ] ; then\n    # print error to STDERR\n    echo \"error: The sandbox is not in sync with the Podfile.lock. Run 'pod install' or update your CocoaPods installation.\" >&2\n    exit 1\nfi\n# This output is used by Xcode 'outputs' to avoid re-running this script phase.\necho \"SUCCESS\" > \"${SCRIPT_OUTPUT_FILE_0}\"\n";
			showEnvVarsInLog = 0;
		};
/* End PBXShellScriptBuildPhase section */

/* Begin PBXSourcesBuildPhase section */
		0D4642632213C30000A38511 /* Sources */ = {
			isa = PBXSourcesBuildPhase;
			buildActionMask = 2147483647;
			files = (
				0D22146F221CFD900054D154 /* MovieGridViewController.swift in Sources */,
				0D22146D221CF7090054D154 /* MovieDetailsViewController.swift in Sources */,
				0D46426B2213C30000A38511 /* AppDelegate.swift in Sources */,
				0D4642992213C41C00A38511 /* MoviesViewController.swift in Sources */,
				0D46429D2213D11D00A38511 /* MovieTableViewCell.swift in Sources */,
				0D221471221D009A0054D154 /* MovieGridCollectionViewCell.swift in Sources */,
			);
			runOnlyForDeploymentPostprocessing = 0;
		};
		0D4642772213C30100A38511 /* Sources */ = {
			isa = PBXSourcesBuildPhase;
			buildActionMask = 2147483647;
			files = (
				0D4642802213C30100A38511 /* JuanFlixTests.swift in Sources */,
			);
			runOnlyForDeploymentPostprocessing = 0;
		};
		0D4642822213C30100A38511 /* Sources */ = {
			isa = PBXSourcesBuildPhase;
			buildActionMask = 2147483647;
			files = (
				0D46428B2213C30100A38511 /* JuanFlixUITests.swift in Sources */,
			);
			runOnlyForDeploymentPostprocessing = 0;
		};
/* End PBXSourcesBuildPhase section */

/* Begin PBXTargetDependency section */
		0D46427D2213C30100A38511 /* PBXTargetDependency */ = {
			isa = PBXTargetDependency;
			target = 0D4642662213C30000A38511 /* JuanFlix */;
			targetProxy = 0D46427C2213C30100A38511 /* PBXContainerItemProxy */;
		};
		0D4642882213C30100A38511 /* PBXTargetDependency */ = {
			isa = PBXTargetDependency;
			target = 0D4642662213C30000A38511 /* JuanFlix */;
			targetProxy = 0D4642872213C30100A38511 /* PBXContainerItemProxy */;
		};
/* End PBXTargetDependency section */

/* Begin PBXVariantGroup section */
		0D46426E2213C30000A38511 /* Main.storyboard */ = {
			isa = PBXVariantGroup;
			children = (
				0D46426F2213C30000A38511 /* Base */,
			);
			name = Main.storyboard;
			sourceTree = "<group>";
		};
		0D4642732213C30100A38511 /* LaunchScreen.storyboard */ = {
			isa = PBXVariantGroup;
			children = (
				0D4642742213C30100A38511 /* Base */,
			);
			name = LaunchScreen.storyboard;
			sourceTree = "<group>";
		};
/* End PBXVariantGroup section */

/* Begin XCBuildConfiguration section */
		0D46428D2213C30100A38511 /* Debug */ = {
			isa = XCBuildConfiguration;
			buildSettings = {
				ALWAYS_SEARCH_USER_PATHS = NO;
				CLANG_ANALYZER_NONNULL = YES;
				CLANG_ANALYZER_NUMBER_OBJECT_CONVERSION = YES_AGGRESSIVE;
				CLANG_CXX_LANGUAGE_STANDARD = "gnu++14";
				CLANG_CXX_LIBRARY = "libc++";
				CLANG_ENABLE_MODULES = YES;
				CLANG_ENABLE_OBJC_ARC = YES;
				CLANG_ENABLE_OBJC_WEAK = YES;
				CLANG_WARN_BLOCK_CAPTURE_AUTORELEASING = YES;
				CLANG_WARN_BOOL_CONVERSION = YES;
				CLANG_WARN_COMMA = YES;
				CLANG_WARN_CONSTANT_CONVERSION = YES;
				CLANG_WARN_DEPRECATED_OBJC_IMPLEMENTATIONS = YES;
				CLANG_WARN_DIRECT_OBJC_ISA_USAGE = YES_ERROR;
				CLANG_WARN_DOCUMENTATION_COMMENTS = YES;
				CLANG_WARN_EMPTY_BODY = YES;
				CLANG_WARN_ENUM_CONVERSION = YES;
				CLANG_WARN_INFINITE_RECURSION = YES;
				CLANG_WARN_INT_CONVERSION = YES;
				CLANG_WARN_NON_LITERAL_NULL_CONVERSION = YES;
				CLANG_WARN_OBJC_IMPLICIT_RETAIN_SELF = YES;
				CLANG_WARN_OBJC_LITERAL_CONVERSION = YES;
				CLANG_WARN_OBJC_ROOT_CLASS = YES_ERROR;
				CLANG_WARN_RANGE_LOOP_ANALYSIS = YES;
				CLANG_WARN_STRICT_PROTOTYPES = YES;
				CLANG_WARN_SUSPICIOUS_MOVE = YES;
				CLANG_WARN_UNGUARDED_AVAILABILITY = YES_AGGRESSIVE;
				CLANG_WARN_UNREACHABLE_CODE = YES;
				CLANG_WARN__DUPLICATE_METHOD_MATCH = YES;
				CODE_SIGN_IDENTITY = "iPhone Developer";
				COPY_PHASE_STRIP = NO;
				DEBUG_INFORMATION_FORMAT = dwarf;
				ENABLE_STRICT_OBJC_MSGSEND = YES;
				ENABLE_TESTABILITY = YES;
				GCC_C_LANGUAGE_STANDARD = gnu11;
				GCC_DYNAMIC_NO_PIC = NO;
				GCC_NO_COMMON_BLOCKS = YES;
				GCC_OPTIMIZATION_LEVEL = 0;
				GCC_PREPROCESSOR_DEFINITIONS = (
					"DEBUG=1",
					"$(inherited)",
				);
				GCC_WARN_64_TO_32_BIT_CONVERSION = YES;
				GCC_WARN_ABOUT_RETURN_TYPE = YES_ERROR;
				GCC_WARN_UNDECLARED_SELECTOR = YES;
				GCC_WARN_UNINITIALIZED_AUTOS = YES_AGGRESSIVE;
				GCC_WARN_UNUSED_FUNCTION = YES;
				GCC_WARN_UNUSED_VARIABLE = YES;
				IPHONEOS_DEPLOYMENT_TARGET = 12.1;
				MTL_ENABLE_DEBUG_INFO = INCLUDE_SOURCE;
				MTL_FAST_MATH = YES;
				ONLY_ACTIVE_ARCH = YES;
				SDKROOT = iphoneos;
				SWIFT_ACTIVE_COMPILATION_CONDITIONS = DEBUG;
				SWIFT_OPTIMIZATION_LEVEL = "-Onone";
			};
			name = Debug;
		};
		0D46428E2213C30100A38511 /* Release */ = {
			isa = XCBuildConfiguration;
			buildSettings = {
				ALWAYS_SEARCH_USER_PATHS = NO;
				CLANG_ANALYZER_NONNULL = YES;
				CLANG_ANALYZER_NUMBER_OBJECT_CONVERSION = YES_AGGRESSIVE;
				CLANG_CXX_LANGUAGE_STANDARD = "gnu++14";
				CLANG_CXX_LIBRARY = "libc++";
				CLANG_ENABLE_MODULES = YES;
				CLANG_ENABLE_OBJC_ARC = YES;
				CLANG_ENABLE_OBJC_WEAK = YES;
				CLANG_WARN_BLOCK_CAPTURE_AUTORELEASING = YES;
				CLANG_WARN_BOOL_CONVERSION = YES;
				CLANG_WARN_COMMA = YES;
				CLANG_WARN_CONSTANT_CONVERSION = YES;
				CLANG_WARN_DEPRECATED_OBJC_IMPLEMENTATIONS = YES;
				CLANG_WARN_DIRECT_OBJC_ISA_USAGE = YES_ERROR;
				CLANG_WARN_DOCUMENTATION_COMMENTS = YES;
				CLANG_WARN_EMPTY_BODY = YES;
				CLANG_WARN_ENUM_CONVERSION = YES;
				CLANG_WARN_INFINITE_RECURSION = YES;
				CLANG_WARN_INT_CONVERSION = YES;
				CLANG_WARN_NON_LITERAL_NULL_CONVERSION = YES;
				CLANG_WARN_OBJC_IMPLICIT_RETAIN_SELF = YES;
				CLANG_WARN_OBJC_LITERAL_CONVERSION = YES;
				CLANG_WARN_OBJC_ROOT_CLASS = YES_ERROR;
				CLANG_WARN_RANGE_LOOP_ANALYSIS = YES;
				CLANG_WARN_STRICT_PROTOTYPES = YES;
				CLANG_WARN_SUSPICIOUS_MOVE = YES;
				CLANG_WARN_UNGUARDED_AVAILABILITY = YES_AGGRESSIVE;
				CLANG_WARN_UNREACHABLE_CODE = YES;
				CLANG_WARN__DUPLICATE_METHOD_MATCH = YES;
				CODE_SIGN_IDENTITY = "iPhone Developer";
				COPY_PHASE_STRIP = NO;
				DEBUG_INFORMATION_FORMAT = "dwarf-with-dsym";
				ENABLE_NS_ASSERTIONS = NO;
				ENABLE_STRICT_OBJC_MSGSEND = YES;
				GCC_C_LANGUAGE_STANDARD = gnu11;
				GCC_NO_COMMON_BLOCKS = YES;
				GCC_WARN_64_TO_32_BIT_CONVERSION = YES;
				GCC_WARN_ABOUT_RETURN_TYPE = YES_ERROR;
				GCC_WARN_UNDECLARED_SELECTOR = YES;
				GCC_WARN_UNINITIALIZED_AUTOS = YES_AGGRESSIVE;
				GCC_WARN_UNUSED_FUNCTION = YES;
				GCC_WARN_UNUSED_VARIABLE = YES;
				IPHONEOS_DEPLOYMENT_TARGET = 12.1;
				MTL_ENABLE_DEBUG_INFO = NO;
				MTL_FAST_MATH = YES;
				SDKROOT = iphoneos;
				SWIFT_COMPILATION_MODE = wholemodule;
				SWIFT_OPTIMIZATION_LEVEL = "-O";
				VALIDATE_PRODUCT = YES;
			};
			name = Release;
		};
		0D4642902213C30100A38511 /* Debug */ = {
			isa = XCBuildConfiguration;
			baseConfigurationReference = 6DF4700C4B374D6D7A4036C5 /* Pods-JuanFlix.debug.xcconfig */;
			buildSettings = {
				ASSETCATALOG_COMPILER_APPICON_NAME = AppIcon;
				CODE_SIGN_STYLE = Automatic;
				DEVELOPMENT_TEAM = U2262DUJBQ;
				INFOPLIST_FILE = JuanFlix/Info.plist;
				LD_RUNPATH_SEARCH_PATHS = (
					"$(inherited)",
					"@executable_path/Frameworks",
				);
				PRODUCT_BUNDLE_IDENTIFIER = com.juan.JuanFlix;
				PRODUCT_NAME = "$(TARGET_NAME)";
				SWIFT_VERSION = 4.2;
				TARGETED_DEVICE_FAMILY = "1,2";
			};
			name = Debug;
		};
		0D4642912213C30100A38511 /* Release */ = {
			isa = XCBuildConfiguration;
			baseConfigurationReference = 9D0E6A2AFAA01B01E78FA718 /* Pods-JuanFlix.release.xcconfig */;
			buildSettings = {
				ASSETCATALOG_COMPILER_APPICON_NAME = AppIcon;
				CODE_SIGN_STYLE = Automatic;
				DEVELOPMENT_TEAM = U2262DUJBQ;
				INFOPLIST_FILE = JuanFlix/Info.plist;
				LD_RUNPATH_SEARCH_PATHS = (
					"$(inherited)",
					"@executable_path/Frameworks",
				);
				PRODUCT_BUNDLE_IDENTIFIER = com.juan.JuanFlix;
				PRODUCT_NAME = "$(TARGET_NAME)";
				SWIFT_VERSION = 4.2;
				TARGETED_DEVICE_FAMILY = "1,2";
			};
			name = Release;
		};
		0D4642932213C30100A38511 /* Debug */ = {
			isa = XCBuildConfiguration;
			baseConfigurationReference = F85926C11BF23EA7C14AA36A /* Pods-JuanFlixTests.debug.xcconfig */;
			buildSettings = {
				ALWAYS_EMBED_SWIFT_STANDARD_LIBRARIES = YES;
				BUNDLE_LOADER = "$(TEST_HOST)";
				CODE_SIGN_STYLE = Automatic;
				INFOPLIST_FILE = JuanFlixTests/Info.plist;
				LD_RUNPATH_SEARCH_PATHS = (
					"$(inherited)",
					"@executable_path/Frameworks",
					"@loader_path/Frameworks",
				);
				PRODUCT_BUNDLE_IDENTIFIER = com.juan.JuanFlixTests;
				PRODUCT_NAME = "$(TARGET_NAME)";
				SWIFT_VERSION = 4.2;
				TARGETED_DEVICE_FAMILY = "1,2";
				TEST_HOST = "$(BUILT_PRODUCTS_DIR)/JuanFlix.app/JuanFlix";
			};
			name = Debug;
		};
		0D4642942213C30100A38511 /* Release */ = {
			isa = XCBuildConfiguration;
			baseConfigurationReference = E86503D9DCCF7E9D56E66417 /* Pods-JuanFlixTests.release.xcconfig */;
			buildSettings = {
				ALWAYS_EMBED_SWIFT_STANDARD_LIBRARIES = YES;
				BUNDLE_LOADER = "$(TEST_HOST)";
				CODE_SIGN_STYLE = Automatic;
				INFOPLIST_FILE = JuanFlixTests/Info.plist;
				LD_RUNPATH_SEARCH_PATHS = (
					"$(inherited)",
					"@executable_path/Frameworks",
					"@loader_path/Frameworks",
				);
				PRODUCT_BUNDLE_IDENTIFIER = com.juan.JuanFlixTests;
				PRODUCT_NAME = "$(TARGET_NAME)";
				SWIFT_VERSION = 4.2;
				TARGETED_DEVICE_FAMILY = "1,2";
				TEST_HOST = "$(BUILT_PRODUCTS_DIR)/JuanFlix.app/JuanFlix";
			};
			name = Release;
		};
		0D4642962213C30100A38511 /* Debug */ = {
			isa = XCBuildConfiguration;
			baseConfigurationReference = 34399F59A1DA89443EADAECB /* Pods-JuanFlixUITests.debug.xcconfig */;
			buildSettings = {
				ALWAYS_EMBED_SWIFT_STANDARD_LIBRARIES = YES;
				CODE_SIGN_STYLE = Automatic;
				INFOPLIST_FILE = JuanFlixUITests/Info.plist;
				LD_RUNPATH_SEARCH_PATHS = (
					"$(inherited)",
					"@executable_path/Frameworks",
					"@loader_path/Frameworks",
				);
				PRODUCT_BUNDLE_IDENTIFIER = com.juan.JuanFlixUITests;
				PRODUCT_NAME = "$(TARGET_NAME)";
				SWIFT_VERSION = 4.2;
				TARGETED_DEVICE_FAMILY = "1,2";
				TEST_TARGET_NAME = JuanFlix;
			};
			name = Debug;
		};
		0D4642972213C30100A38511 /* Release */ = {
			isa = XCBuildConfiguration;
			baseConfigurationReference = EE92BCF805D38B105F40E1D3 /* Pods-JuanFlixUITests.release.xcconfig */;
			buildSettings = {
				ALWAYS_EMBED_SWIFT_STANDARD_LIBRARIES = YES;
				CODE_SIGN_STYLE = Automatic;
				INFOPLIST_FILE = JuanFlixUITests/Info.plist;
				LD_RUNPATH_SEARCH_PATHS = (
					"$(inherited)",
					"@executable_path/Frameworks",
					"@loader_path/Frameworks",
				);
				PRODUCT_BUNDLE_IDENTIFIER = com.juan.JuanFlixUITests;
				PRODUCT_NAME = "$(TARGET_NAME)";
				SWIFT_VERSION = 4.2;
				TARGETED_DEVICE_FAMILY = "1,2";
				TEST_TARGET_NAME = JuanFlix;
			};
			name = Release;
		};
/* End XCBuildConfiguration section */

/* Begin XCConfigurationList section */
		0D4642622213C30000A38511 /* Build configuration list for PBXProject "JuanFlix" */ = {
			isa = XCConfigurationList;
			buildConfigurations = (
				0D46428D2213C30100A38511 /* Debug */,
				0D46428E2213C30100A38511 /* Release */,
			);
			defaultConfigurationIsVisible = 0;
			defaultConfigurationName = Release;
		};
		0D46428F2213C30100A38511 /* Build configuration list for PBXNativeTarget "JuanFlix" */ = {
			isa = XCConfigurationList;
			buildConfigurations = (
				0D4642902213C30100A38511 /* Debug */,
				0D4642912213C30100A38511 /* Release */,
			);
			defaultConfigurationIsVisible = 0;
			defaultConfigurationName = Release;
		};
		0D4642922213C30100A38511 /* Build configuration list for PBXNativeTarget "JuanFlixTests" */ = {
			isa = XCConfigurationList;
			buildConfigurations = (
				0D4642932213C30100A38511 /* Debug */,
				0D4642942213C30100A38511 /* Release */,
			);
			defaultConfigurationIsVisible = 0;
			defaultConfigurationName = Release;
		};
		0D4642952213C30100A38511 /* Build configuration list for PBXNativeTarget "JuanFlixUITests" */ = {
			isa = XCConfigurationList;
			buildConfigurations = (
				0D4642962213C30100A38511 /* Debug */,
				0D4642972213C30100A38511 /* Release */,
			);
			defaultConfigurationIsVisible = 0;
			defaultConfigurationName = Release;
		};
/* End XCConfigurationList section */
	};
	rootObject = 0D46425F2213C30000A38511 /* Project object */;
}
